
Microsoft Visual Studio Solution File, Format Version 12.00
# Visual Studio 15
VisualStudioVersion = 15.0.27703.2026
MinimumVisualStudioVersion = 10.0.40219.1
Project("{FAE04EC0-301F-11D3-BF4B-00C04F79EFBC}") = "ConsoleApp2", "ConsoleApp2\ConsoleApp2.csproj", "{AB064FA2-85C3-4DCC-9E49-89761AFFE3BE}"
EndProject
Global
	GlobalSection(SolutionConfigurationPlatforms) = preSolution
		Debug|Any CPU = Debug|Any CPU
		Release|Any CPU = Release|Any CPU
	EndGlobalSection
	GlobalSection(ProjectConfigurationPlatforms) = postSolution
		{AB064FA2-85C3-4DCC-9E49-89761AFFE3BE}.Debug|Any CPU.ActiveCfg = Debug|Any CPU
		{AB064FA2-85C3-4DCC-9E49-89761AFFE3BE}.Debug|Any CPU.Build.0 = Debug|Any CPU
		{AB064FA2-85C3-4DCC-9E49-89761AFFE3BE}.Release|Any CPU.ActiveCfg = Release|Any CPU
		{AB064FA2-85C3-4DCC-9E49-89761AFFE3BE}.Release|Any CPU.Build.0 = Release|Any CPU
	EndGlobalSection
	GlobalSection(SolutionProperties) = preSolution
		HideSolutionNode = FALSE
	EndGlobalSection
	GlobalSection(ExtensibilityGlobals) = postSolution
		SolutionGuid = {9336276D-F82C-4B73-82B5-83CA22695C56}
	EndGlobalSection
EndGlobal
